// !$*UTF8*$!
{
	archiveVersion = 1;
	classes = {
	};
	objectVersion = 56;
	objects = {

/* Begin PBXBuildFile section */
		AAFBA9EE2AE2FBB800B9994E /* AppDelegate.swift in Sources */ = {isa = PBXBuildFile; fileRef = AAFBA9ED2AE2FBB800B9994E /* AppDelegate.swift */; };
		AAFBA9F02AE2FBB800B9994E /* SceneDelegate.swift in Sources */ = {isa = PBXBuildFile; fileRef = AAFBA9EF2AE2FBB800B9994E /* SceneDelegate.swift */; };
		AAFBA9F22AE2FBB800B9994E /* ViewController.swift in Sources */ = {isa = PBXBuildFile; fileRef = AAFBA9F12AE2FBB800B9994E /* ViewController.swift */; };
		AAFBA9F52AE2FBB800B9994E /* Main.storyboard in Resources */ = {isa = PBXBuildFile; fileRef = AAFBA9F32AE2FBB800B9994E /* Main.storyboard */; };
		AAFBA9F72AE2FBBA00B9994E /* Assets.xcassets in Resources */ = {isa = PBXBuildFile; fileRef = AAFBA9F62AE2FBBA00B9994E /* Assets.xcassets */; };
		AAFBA9FA2AE2FBBA00B9994E /* LaunchScreen.storyboard in Resources */ = {isa = PBXBuildFile; fileRef = AAFBA9F82AE2FBBA00B9994E /* LaunchScreen.storyboard */; };
		AAFBAA022AE2FC9F00B9994E /* ClothingItem.swift in Sources */ = {isa = PBXBuildFile; fileRef = AAFBAA012AE2FC9F00B9994E /* ClothingItem.swift */; };
		AAFBAA042AE2FE7A00B9994E /* ClothesTableViewCell.swift in Sources */ = {isa = PBXBuildFile; fileRef = AAFBAA032AE2FE7A00B9994E /* ClothesTableViewCell.swift */; };
		AAFBAA062AE316EF00B9994E /* DetailViewController.swift in Sources */ = {isa = PBXBuildFile; fileRef = AAFBAA052AE316EF00B9994E /* DetailViewController.swift */; };
/* End PBXBuildFile section */

/* Begin PBXFileReference section */
		AAFBA9EA2AE2FBB800B9994E /* FashionCatalogApp.app */ = {isa = PBXFileReference; explicitFileType = wrapper.application; includeInIndex = 0; path = FashionCatalogApp.app; sourceTree = BUILT_PRODUCTS_DIR; };
		AAFBA9ED2AE2FBB800B9994E /* AppDelegate.swift */ = {isa = PBXFileReference; lastKnownFileType = sourcecode.swift; path = AppDelegate.swift; sourceTree = "<group>"; };
		AAFBA9EF2AE2FBB800B9994E /* SceneDelegate.swift */ = {isa = PBXFileReference; lastKnownFileType = sourcecode.swift; path = SceneDelegate.swift; sourceTree = "<group>"; };
		AAFBA9F12AE2FBB800B9994E /* ViewController.swift */ = {isa = PBXFileReference; lastKnownFileType = sourcecode.swift; path = ViewController.swift; sourceTree = "<group>"; };
		AAFBA9F42AE2FBB800B9994E /* Base */ = {isa = PBXFileReference; lastKnownFileType = file.storyboard; name = Base; path = Base.lproj/Main.storyboard; sourceTree = "<group>"; };
		AAFBA9F62AE2FBBA00B9994E /* Assets.xcassets */ = {isa = PBXFileReference; lastKnownFileType = folder.assetcatalog; path = Assets.xcassets; sourceTree = "<group>"; };
		AAFBA9F92AE2FBBA00B9994E /* Base */ = {isa = PBXFileReference; lastKnownFileType = file.storyboard; name = Base; path = Base.lproj/LaunchScreen.storyboard; sourceTree = "<group>"; };
		AAFBA9FB2AE2FBBA00B9994E /* Info.plist */ = {isa = PBXFileReference; lastKnownFileType = text.plist.xml; path = Info.plist; sourceTree = "<group>"; };
		AAFBAA012AE2FC9F00B9994E /* ClothingItem.swift */ = {isa = PBXFileReference; lastKnownFileType = sourcecode.swift; path = ClothingItem.swift; sourceTree = "<group>"; };
		AAFBAA032AE2FE7A00B9994E /* ClothesTableViewCell.swift */ = {isa = PBXFileReference; lastKnownFileType = sourcecode.swift; path = ClothesTableViewCell.swift; sourceTree = "<group>"; };
		AAFBAA052AE316EF00B9994E /* DetailViewController.swift */ = {isa = PBXFileReference; lastKnownFileType = sourcecode.swift; path = DetailViewController.swift; sourceTree = "<group>"; };
/* End PBXFileReference section */

/* Begin PBXFrameworksBuildPhase section */
		AAFBA9E72AE2FBB800B9994E /* Frameworks */ = {
			isa = PBXFrameworksBuildPhase;
			buildActionMask = 2147483647;
			files = (
			);
			runOnlyForDeploymentPostprocessing = 0;
		};
/* End PBXFrameworksBuildPhase section */

/* Begin PBXGroup section */
		AAFBA9E12AE2FBB800B9994E = {
			isa = PBXGroup;
			children = (
				AAFBA9EC2AE2FBB800B9994E /* FashionCatalogApp */,
				AAFBA9EB2AE2FBB800B9994E /* Products */,
			);
			sourceTree = "<group>";
		};
		AAFBA9EB2AE2FBB800B9994E /* Products */ = {
			isa = PBXGroup;
			children = (
				AAFBA9EA2AE2FBB800B9994E /* FashionCatalogApp.app */,
			);
			name = Products;
			sourceTree = "<group>";
		};
		AAFBA9EC2AE2FBB800B9994E /* FashionCatalogApp */ = {
			isa = PBXGroup;
			children = (
				AAFBAA032AE2FE7A00B9994E /* ClothesTableViewCell.swift */,
				AAFBAA052AE316EF00B9994E /* DetailViewController.swift */,
				AAFBA9ED2AE2FBB800B9994E /* AppDelegate.swift */,
				AAFBA9EF2AE2FBB800B9994E /* SceneDelegate.swift */,
				AAFBA9F12AE2FBB800B9994E /* ViewController.swift */,
				AAFBA9F32AE2FBB800B9994E /* Main.storyboard */,
				AAFBAA012AE2FC9F00B9994E /* ClothingItem.swift */,
				AAFBA9F62AE2FBBA00B9994E /* Assets.xcassets */,
				AAFBA9F82AE2FBBA00B9994E /* LaunchScreen.storyboard */,
				AAFBA9FB2AE2FBBA00B9994E /* Info.plist */,
			);
			path = FashionCatalogApp;
			sourceTree = "<group>";
		};
/* End PBXGroup section */

/* Begin PBXNativeTarget section */
		AAFBA9E92AE2FBB800B9994E /* FashionCatalogApp */ = {
			isa = PBXNativeTarget;
			buildConfigurationList = AAFBA9FE2AE2FBBA00B9994E /* Build configuration list for PBXNativeTarget "FashionCatalogApp" */;
			buildPhases = (
				AAFBA9E62AE2FBB800B9994E /* Sources */,
				AAFBA9E72AE2FBB800B9994E /* Frameworks */,
				AAFBA9E82AE2FBB800B9994E /* Resources */,
			);
			buildRules = (
			);
			dependencies = (
			);
			name = FashionCatalogApp;
			productName = FashionCatalogApp;
			productReference = AAFBA9EA2AE2FBB800B9994E /* FashionCatalogApp.app */;
			productType = "com.apple.product-type.application";
		};
/* End PBXNativeTarget section */

/* Begin PBXProject section */
		AAFBA9E22AE2FBB800B9994E /* Project object */ = {
			isa = PBXProject;
			attributes = {
				BuildIndependentTargetsInParallel = 1;
				LastSwiftUpdateCheck = 1430;
				LastUpgradeCheck = 1430;
				TargetAttributes = {
					AAFBA9E92AE2FBB800B9994E = {
						CreatedOnToolsVersion = 14.3;
					};
				};
			};
			buildConfigurationList = AAFBA9E52AE2FBB800B9994E /* Build configuration list for PBXProject "FashionCatalogApp" */;
			compatibilityVersion = "Xcode 14.0";
			developmentRegion = en;
			hasScannedForEncodings = 0;
			knownRegions = (
				en,
				Base,
			);
			mainGroup = AAFBA9E12AE2FBB800B9994E;
			productRefGroup = AAFBA9EB2AE2FBB800B9994E /* Products */;
			projectDirPath = "";
			projectRoot = "";
			targets = (
				AAFBA9E92AE2FBB800B9994E /* FashionCatalogApp */,
			);
		};
/* End PBXProject section */

/* Begin PBXResourcesBuildPhase section */
		AAFBA9E82AE2FBB800B9994E /* Resources */ = {
			isa = PBXResourcesBuildPhase;
			buildActionMask = 2147483647;
			files = (
				AAFBA9FA2AE2FBBA00B9994E /* LaunchScreen.storyboard in Resources */,
				AAFBA9F72AE2FBBA00B9994E /* Assets.xcassets in Resources */,
				AAFBA9F52AE2FBB800B9994E /* Main.storyboard in Resources */,
			);
			runOnlyForDeploymentPostprocessing = 0;
		};
/* End PBXResourcesBuildPhase section */

/* Begin PBXSourcesBuildPhase section */
		AAFBA9E62AE2FBB800B9994E /* Sources */ = {
			isa = PBXSourcesBuildPhase;
			buildActionMask = 2147483647;
			files = (
				AAFBAA042AE2FE7A00B9994E /* ClothesTableViewCell.swift in Sources */,
				AAFBAA022AE2FC9F00B9994E /* ClothingItem.swift in Sources */,
				AAFBA9F22AE2FBB800B9994E /* ViewController.swift in Sources */,
				AAFBAA062AE316EF00B9994E /* DetailViewController.swift in Sources */,
				AAFBA9EE2AE2FBB800B9994E /* AppDelegate.swift in Sources */,
				AAFBA9F02AE2FBB800B9994E /* SceneDelegate.swift in Sources */,
			);
			runOnlyForDeploymentPostprocessing = 0;
		};
/* End PBXSourcesBuildPhase section */

/* Begin PBXVariantGroup section */
		AAFBA9F32AE2FBB800B9994E /* Main.storyboard */ = {
			isa = PBXVariantGroup;
			children = (
				AAFBA9F42AE2FBB800B9994E /* Base */,
			);
			name = Main.storyboard;
			sourceTree = "<group>";
		};
		AAFBA9F82AE2FBBA00B9994E /* LaunchScreen.storyboard */ = {
			isa = PBXVariantGroup;
			children = (
				AAFBA9F92AE2FBBA00B9994E /* Base */,
			);
			name = LaunchScreen.storyboard;
			sourceTree = "<group>";
		};
/* End PBXVariantGroup section */

/* Begin XCBuildConfiguration section */
		AAFBA9FC2AE2FBBA00B9994E /* Debug */ = {
			isa = XCBuildConfiguration;
			buildSettings = {
				ALWAYS_SEARCH_USER_PATHS = NO;
				CLANG_ANALYZER_NONNULL = YES;
				CLANG_ANALYZER_NUMBER_OBJECT_CONVERSION = YES_AGGRESSIVE;
				CLANG_CXX_LANGUAGE_STANDARD = "gnu++20";
				CLANG_ENABLE_MODULES = YES;
				CLANG_ENABLE_OBJC_ARC = YES;
				CLANG_ENABLE_OBJC_WEAK = YES;
				CLANG_WARN_BLOCK_CAPTURE_AUTORELEASING = YES;
				CLANG_WARN_BOOL_CONVERSION = YES;
				CLANG_WARN_COMMA = YES;
				CLANG_WARN_CONSTANT_CONVERSION = YES;
				CLANG_WARN_DEPRECATED_OBJC_IMPLEMENTATIONS = YES;
				CLANG_WARN_DIRECT_OBJC_ISA_USAGE = YES_ERROR;
				CLANG_WARN_DOCUMENTATION_COMMENTS = YES;
				CLANG_WARN_EMPTY_BODY = YES;
				CLANG_WARN_ENUM_CONVERSION = YES;
				CLANG_WARN_INFINITE_RECURSION = YES;
				CLANG_WARN_INT_CONVERSION = YES;
				CLANG_WARN_NON_LITERAL_NULL_CONVERSION = YES;
				CLANG_WARN_OBJC_IMPLICIT_RETAIN_SELF = YES;
				CLANG_WARN_OBJC_LITERAL_CONVERSION = YES;
				CLANG_WARN_OBJC_ROOT_CLASS = YES_ERROR;
				CLANG_WARN_QUOTED_INCLUDE_IN_FRAMEWORK_HEADER = YES;
				CLANG_WARN_RANGE_LOOP_ANALYSIS = YES;
				CLANG_WARN_STRICT_PROTOTYPES = YES;
				CLANG_WARN_SUSPICIOUS_MOVE = YES;
				CLANG_WARN_UNGUARDED_AVAILABILITY = YES_AGGRESSIVE;
				CLANG_WARN_UNREACHABLE_CODE = YES;
				CLANG_WARN__DUPLICATE_METHOD_MATCH = YES;
				COPY_PHASE_STRIP = NO;
				DEBUG_INFORMATION_FORMAT = dwarf;
				ENABLE_STRICT_OBJC_MSGSEND = YES;
				ENABLE_TESTABILITY = YES;
				GCC_C_LANGUAGE_STANDARD = gnu11;
				GCC_DYNAMIC_NO_PIC = NO;
				GCC_NO_COMMON_BLOCKS = YES;
				GCC_OPTIMIZATION_LEVEL = 0;
				GCC_PREPROCESSOR_DEFINITIONS = (
					"DEBUG=1",
					"$(inherited)",
				);
				GCC_WARN_64_TO_32_BIT_CONVERSION = YES;
				GCC_WARN_ABOUT_RETURN_TYPE = YES_ERROR;
				GCC_WARN_UNDECLARED_SELECTOR = YES;
				GCC_WARN_UNINITIALIZED_AUTOS = YES_AGGRESSIVE;
				GCC_WARN_UNUSED_FUNCTION = YES;
				GCC_WARN_UNUSED_VARIABLE = YES;
				IPHONEOS_DEPLOYMENT_TARGET = 16.4;
				MTL_ENABLE_DEBUG_INFO = INCLUDE_SOURCE;
				MTL_FAST_MATH = YES;
				ONLY_ACTIVE_ARCH = YES;
				SDKROOT = iphoneos;
				SWIFT_ACTIVE_COMPILATION_CONDITIONS = DEBUG;
				SWIFT_OPTIMIZATION_LEVEL = "-Onone";
			};
			name = Debug;
		};
		AAFBA9FD2AE2FBBA00B9994E /* Release */ = {
			isa = XCBuildConfiguration;
			buildSettings = {
				ALWAYS_SEARCH_USER_PATHS = NO;
				CLANG_ANALYZER_NONNULL = YES;
				CLANG_ANALYZER_NUMBER_OBJECT_CONVERSION = YES_AGGRESSIVE;
				CLANG_CXX_LANGUAGE_STANDARD = "gnu++20";
				CLANG_ENABLE_MODULES = YES;
				CLANG_ENABLE_OBJC_ARC = YES;
				CLANG_ENABLE_OBJC_WEAK = YES;
				CLANG_WARN_BLOCK_CAPTURE_AUTORELEASING = YES;
				CLANG_WARN_BOOL_CONVERSION = YES;
				CLANG_WARN_COMMA = YES;
				CLANG_WARN_CONSTANT_CONVERSION = YES;
				CLANG_WARN_DEPRECATED_OBJC_IMPLEMENTATIONS = YES;
				CLANG_WARN_DIRECT_OBJC_ISA_USAGE = YES_ERROR;
				CLANG_WARN_DOCUMENTATION_COMMENTS = YES;
				CLANG_WARN_EMPTY_BODY = YES;
				CLANG_WARN_ENUM_CONVERSION = YES;
				CLANG_WARN_INFINITE_RECURSION = YES;
				CLANG_WARN_INT_CONVERSION = YES;
				CLANG_WARN_NON_LITERAL_NULL_CONVERSION = YES;
				CLANG_WARN_OBJC_IMPLICIT_RETAIN_SELF = YES;
				CLANG_WARN_OBJC_LITERAL_CONVERSION = YES;
				CLANG_WARN_OBJC_ROOT_CLASS = YES_ERROR;
				CLANG_WARN_QUOTED_INCLUDE_IN_FRAMEWORK_HEADER = YES;
				CLANG_WARN_RANGE_LOOP_ANALYSIS = YES;
				CLANG_WARN_STRICT_PROTOTYPES = YES;
				CLANG_WARN_SUSPICIOUS_MOVE = YES;
				CLANG_WARN_UNGUARDED_AVAILABILITY = YES_AGGRESSIVE;
				CLANG_WARN_UNREACHABLE_CODE = YES;
				CLANG_WARN__DUPLICATE_METHOD_MATCH = YES;
				COPY_PHASE_STRIP = NO;
				DEBUG_INFORMATION_FORMAT = "dwarf-with-dsym";
				ENABLE_NS_ASSERTIONS = NO;
				ENABLE_STRICT_OBJC_MSGSEND = YES;
				GCC_C_LANGUAGE_STANDARD = gnu11;
				GCC_NO_COMMON_BLOCKS = YES;
				GCC_WARN_64_TO_32_BIT_CONVERSION = YES;
				GCC_WARN_ABOUT_RETURN_TYPE = YES_ERROR;
				GCC_WARN_UNDECLARED_SELECTOR = YES;
				GCC_WARN_UNINITIALIZED_AUTOS = YES_AGGRESSIVE;
				GCC_WARN_UNUSED_FUNCTION = YES;
				GCC_WARN_UNUSED_VARIABLE = YES;
				IPHONEOS_DEPLOYMENT_TARGET = 16.4;
				MTL_ENABLE_DEBUG_INFO = NO;
				MTL_FAST_MATH = YES;
				SDKROOT = iphoneos;
				SWIFT_COMPILATION_MODE = wholemodule;
				SWIFT_OPTIMIZATION_LEVEL = "-O";
				VALIDATE_PRODUCT = YES;
			};
			name = Release;
		};
		AAFBA9FF2AE2FBBA00B9994E /* Debug */ = {
			isa = XCBuildConfiguration;
			buildSettings = {
				ASSETCATALOG_COMPILER_APPICON_NAME = AppIcon;
				ASSETCATALOG_COMPILER_GLOBAL_ACCENT_COLOR_NAME = AccentColor;
				CODE_SIGN_STYLE = Automatic;
				CURRENT_PROJECT_VERSION = 1;
				GENERATE_INFOPLIST_FILE = YES;
				INFOPLIST_FILE = FashionCatalogApp/Info.plist;
				INFOPLIST_KEY_UIApplicationSupportsIndirectInputEvents = YES;
				INFOPLIST_KEY_UILaunchStoryboardName = LaunchScreen;
				INFOPLIST_KEY_UIMainStoryboardFile = Main;
				INFOPLIST_KEY_UISupportedInterfaceOrientations_iPad = "UIInterfaceOrientationPortrait UIInterfaceOrientationPortraitUpsideDown UIInterfaceOrientationLandscapeLeft UIInterfaceOrientationLandscapeRight";
				INFOPLIST_KEY_UISupportedInterfaceOrientations_iPhone = "UIInterfaceOrientationPortrait UIInterfaceOrientationLandscapeLeft UIInterfaceOrientationLandscapeRight";
				LD_RUNPATH_SEARCH_PATHS = (
					"$(inherited)",
					"@executable_path/Frameworks",
				);
				MARKETING_VERSION = 1.0;
				PRODUCT_BUNDLE_IDENTIFIER = com.tecsup.FashionCatalogApp;
				PRODUCT_NAME = "$(TARGET_NAME)";
				SWIFT_EMIT_LOC_STRINGS = YES;
				SWIFT_VERSION = 5.0;
				TARGETED_DEVICE_FAMILY = "1,2";
			};
			name = Debug;
		};
		AAFBAA002AE2FBBA00B9994E /* Release */ = {
			isa = XCBuildConfiguration;
			buildSettings = {
				ASSETCATALOG_COMPILER_APPICON_NAME = AppIcon;
				ASSETCATALOG_COMPILER_GLOBAL_ACCENT_COLOR_NAME = AccentColor;
				CODE_SIGN_STYLE = Automatic;
				CURRENT_PROJECT_VERSION = 1;
				GENERATE_INFOPLIST_FILE = YES;
				INFOPLIST_FILE = FashionCatalogApp/Info.plist;
				INFOPLIST_KEY_UIApplicationSupportsIndirectInputEvents = YES;
				INFOPLIST_KEY_UILaunchStoryboardName = LaunchScreen;
				INFOPLIST_KEY_UIMainStoryboardFile = Main;
				INFOPLIST_KEY_UISupportedInterfaceOrientations_iPad = "UIInterfaceOrientationPortrait UIInterfaceOrientationPortraitUpsideDown UIInterfaceOrientationLandscapeLeft UIInterfaceOrientationLandscapeRight";
				INFOPLIST_KEY_UISupportedInterfaceOrientations_iPhone = "UIInterfaceOrientationPortrait UIInterfaceOrientationLandscapeLeft UIInterfaceOrientationLandscapeRight";
				LD_RUNPATH_SEARCH_PATHS = (
					"$(inherited)",
					"@executable_path/Frameworks",
				);
				MARKETING_VERSION = 1.0;
				PRODUCT_BUNDLE_IDENTIFIER = com.tecsup.FashionCatalogApp;
				PRODUCT_NAME = "$(TARGET_NAME)";
				SWIFT_EMIT_LOC_STRINGS = YES;
				SWIFT_VERSION = 5.0;
				TARGETED_DEVICE_FAMILY = "1,2";
			};
			name = Release;
		};
/* End XCBuildConfiguration section */

/* Begin XCConfigurationList section */
		AAFBA9E52AE2FBB800B9994E /* Build configuration list for PBXProject "FashionCatalogApp" */ = {
			isa = XCConfigurationList;
			buildConfigurations = (
				AAFBA9FC2AE2FBBA00B9994E /* Debug */,
				AAFBA9FD2AE2FBBA00B9994E /* Release */,
			);
			defaultConfigurationIsVisible = 0;
			defaultConfigurationName = Release;
		};
		AAFBA9FE2AE2FBBA00B9994E /* Build configuration list for PBXNativeTarget "FashionCatalogApp" */ = {
			isa = XCConfigurationList;
			buildConfigurations = (
				AAFBA9FF2AE2FBBA00B9994E /* Debug */,
				AAFBAA002AE2FBBA00B9994E /* Release */,
			);
			defaultConfigurationIsVisible = 0;
			defaultConfigurationName = Release;
		};
/* End XCConfigurationList section */
	};
	rootObject = AAFBA9E22AE2FBB800B9994E /* Project object */;
}
